
Microsoft Visual Studio Solution File, Format Version 12.00
# Visual Studio Version 16
VisualStudioVersion = 16.0.31005.135
MinimumVisualStudioVersion = 10.0.40219.1
Project("{FAE04EC0-301F-11D3-BF4B-00C04F79EFBC}") = "Crap-A-Dappa", "Crap-A-Dappa\Crap-A-Dappa.csproj", "{E698C367-B5F1-45E9-853E-69486C6C849D}"
EndProject
Global
	GlobalSection(SolutionConfigurationPlatforms) = preSolution
		Debug|Any CPU = Debug|Any CPU
		Release|Any CPU = Release|Any CPU
	EndGlobalSection
	GlobalSection(ProjectConfigurationPlatforms) = postSolution
		{E698C367-B5F1-45E9-853E-69486C6C849D}.Debug|Any CPU.ActiveCfg = Debug|Any CPU
		{E698C367-B5F1-45E9-853E-69486C6C849D}.Debug|Any CPU.Build.0 = Debug|Any CPU
		{E698C367-B5F1-45E9-853E-69486C6C849D}.Release|Any CPU.ActiveCfg = Release|Any CPU
		{E698C367-B5F1-45E9-853E-69486C6C849D}.Release|Any CPU.Build.0 = Release|Any CPU
	EndGlobalSection
	GlobalSection(SolutionProperties) = preSolution
		HideSolutionNode = FALSE
	EndGlobalSection
	GlobalSection(ExtensibilityGlobals) = postSolution
		SolutionGuid = {FE8D6FE7-700B-46BF-BF07-F8BAFAD3EC49}
	EndGlobalSection
EndGlobal
